
Microsoft Visual Studio Solution File, Format Version 12.00
# Visual Studio Version 17
VisualStudioVersion = 17.1.32210.238
MinimumVisualStudioVersion = 10.0.40219.1
Project("{FAE04EC0-301F-11D3-BF4B-00C04F79EFBC}") = "MCServRebootApp", "MCServRebootApp.csproj", "{F3B860BB-76D6-46C3-AC5D-E698D52474A9}"
EndProject
Global
	GlobalSection(SolutionConfigurationPlatforms) = preSolution
		Debug|Any CPU = Debug|Any CPU
		Release|Any CPU = Release|Any CPU
	EndGlobalSection
	GlobalSection(ProjectConfigurationPlatforms) = postSolution
		{F3B860BB-76D6-46C3-AC5D-E698D52474A9}.Debug|Any CPU.ActiveCfg = Debug|Any CPU
		{F3B860BB-76D6-46C3-AC5D-E698D52474A9}.Debug|Any CPU.Build.0 = Debug|Any CPU
		{F3B860BB-76D6-46C3-AC5D-E698D52474A9}.Release|Any CPU.ActiveCfg = Release|Any CPU
		{F3B860BB-76D6-46C3-AC5D-E698D52474A9}.Release|Any CPU.Build.0 = Release|Any CPU
	EndGlobalSection
	GlobalSection(SolutionProperties) = preSolution
		HideSolutionNode = FALSE
	EndGlobalSection
	GlobalSection(ExtensibilityGlobals) = postSolution
		SolutionGuid = {B7F6386B-10E4-4131-9B0B-C3A04A278ED4}
	EndGlobalSection
EndGlobal
